// !$*UTF8*$!
{
	archiveVersion = 1;
	classes = {
	};
	objectVersion = 50;
	objects = {

/* Begin PBXBuildFile section */
		49490DD021BD6D7F0053C9FC /* WeatherPresenter.swift in Sources */ = {isa = PBXBuildFile; fileRef = 49490DCF21BD6D7F0053C9FC /* WeatherPresenter.swift */; };
		49490DD321BD6DA40053C9FC /* WeatherInteractor.swift in Sources */ = {isa = PBXBuildFile; fileRef = 49490DD221BD6DA40053C9FC /* WeatherInteractor.swift */; };
		49490DD521BD6F5B0053C9FC /* WeatherConfigurator.swift in Sources */ = {isa = PBXBuildFile; fileRef = 49490DD421BD6F5B0053C9FC /* WeatherConfigurator.swift */; };
		49490DD721BD70230053C9FC /* WeatherProtocols.swift in Sources */ = {isa = PBXBuildFile; fileRef = 49490DD621BD70230053C9FC /* WeatherProtocols.swift */; };
		498A3FA721B8513900F3789B /* AppDelegate.swift in Sources */ = {isa = PBXBuildFile; fileRef = 498A3FA621B8513900F3789B /* AppDelegate.swift */; };
		498A3FAC21B8513900F3789B /* Main.storyboard in Resources */ = {isa = PBXBuildFile; fileRef = 498A3FAA21B8513900F3789B /* Main.storyboard */; };
		498A3FAE21B8513B00F3789B /* Assets.xcassets in Resources */ = {isa = PBXBuildFile; fileRef = 498A3FAD21B8513B00F3789B /* Assets.xcassets */; };
		498A3FB121B8513B00F3789B /* LaunchScreen.storyboard in Resources */ = {isa = PBXBuildFile; fileRef = 498A3FAF21B8513B00F3789B /* LaunchScreen.storyboard */; };
		498A3FBC21B854B800F3789B /* ItemCollectionViewCell.swift in Sources */ = {isa = PBXBuildFile; fileRef = 498A3FBA21B854B800F3789B /* ItemCollectionViewCell.swift */; };
		498A3FBD21B854B800F3789B /* ItemCollectionViewCell.xib in Resources */ = {isa = PBXBuildFile; fileRef = 498A3FBB21B854B800F3789B /* ItemCollectionViewCell.xib */; };
		498A3FC021B8558300F3789B /* Item.swift in Sources */ = {isa = PBXBuildFile; fileRef = 498A3FBF21B8558300F3789B /* Item.swift */; };
		498A3FC221B85D7400F3789B /* WeatherViewController.swift in Sources */ = {isa = PBXBuildFile; fileRef = 498A3FC121B85D7400F3789B /* WeatherViewController.swift */; };
		498A3FC521B863C900F3789B /* Extension.swift in Sources */ = {isa = PBXBuildFile; fileRef = 498A3FC421B863C900F3789B /* Extension.swift */; };
		498A3FD121B8874600F3789B /* API.swift in Sources */ = {isa = PBXBuildFile; fileRef = 498A3FD021B8874600F3789B /* API.swift */; };
		498A3FD421B9F3AE00F3789B /* LocationManager.swift in Sources */ = {isa = PBXBuildFile; fileRef = 498A3FD321B9F3AE00F3789B /* LocationManager.swift */; };
/* End PBXBuildFile section */

/* Begin PBXFileReference section */
		49490DCF21BD6D7F0053C9FC /* WeatherPresenter.swift */ = {isa = PBXFileReference; lastKnownFileType = sourcecode.swift; path = WeatherPresenter.swift; sourceTree = "<group>"; };
		49490DD221BD6DA40053C9FC /* WeatherInteractor.swift */ = {isa = PBXFileReference; lastKnownFileType = sourcecode.swift; path = WeatherInteractor.swift; sourceTree = "<group>"; };
		49490DD421BD6F5B0053C9FC /* WeatherConfigurator.swift */ = {isa = PBXFileReference; lastKnownFileType = sourcecode.swift; path = WeatherConfigurator.swift; sourceTree = "<group>"; };
		49490DD621BD70230053C9FC /* WeatherProtocols.swift */ = {isa = PBXFileReference; lastKnownFileType = sourcecode.swift; path = WeatherProtocols.swift; sourceTree = "<group>"; };
		498A3FA321B8513900F3789B /* WeatherApp.app */ = {isa = PBXFileReference; explicitFileType = wrapper.application; includeInIndex = 0; path = WeatherApp.app; sourceTree = BUILT_PRODUCTS_DIR; };
		498A3FA621B8513900F3789B /* AppDelegate.swift */ = {isa = PBXFileReference; lastKnownFileType = sourcecode.swift; path = AppDelegate.swift; sourceTree = "<group>"; };
		498A3FAB21B8513900F3789B /* Base */ = {isa = PBXFileReference; lastKnownFileType = file.storyboard; name = Base; path = Base.lproj/Main.storyboard; sourceTree = "<group>"; };
		498A3FAD21B8513B00F3789B /* Assets.xcassets */ = {isa = PBXFileReference; lastKnownFileType = folder.assetcatalog; path = Assets.xcassets; sourceTree = "<group>"; };
		498A3FB021B8513B00F3789B /* Base */ = {isa = PBXFileReference; lastKnownFileType = file.storyboard; name = Base; path = Base.lproj/LaunchScreen.storyboard; sourceTree = "<group>"; };
		498A3FB221B8513B00F3789B /* Info.plist */ = {isa = PBXFileReference; lastKnownFileType = text.plist.xml; path = Info.plist; sourceTree = "<group>"; };
		498A3FBA21B854B800F3789B /* ItemCollectionViewCell.swift */ = {isa = PBXFileReference; lastKnownFileType = sourcecode.swift; path = ItemCollectionViewCell.swift; sourceTree = "<group>"; };
		498A3FBB21B854B800F3789B /* ItemCollectionViewCell.xib */ = {isa = PBXFileReference; lastKnownFileType = file.xib; path = ItemCollectionViewCell.xib; sourceTree = "<group>"; };
		498A3FBF21B8558300F3789B /* Item.swift */ = {isa = PBXFileReference; lastKnownFileType = sourcecode.swift; path = Item.swift; sourceTree = "<group>"; };
		498A3FC121B85D7400F3789B /* WeatherViewController.swift */ = {isa = PBXFileReference; lastKnownFileType = sourcecode.swift; path = WeatherViewController.swift; sourceTree = "<group>"; };
		498A3FC421B863C900F3789B /* Extension.swift */ = {isa = PBXFileReference; lastKnownFileType = sourcecode.swift; path = Extension.swift; sourceTree = "<group>"; };
		498A3FD021B8874600F3789B /* API.swift */ = {isa = PBXFileReference; lastKnownFileType = sourcecode.swift; path = API.swift; sourceTree = "<group>"; };
		498A3FD321B9F3AE00F3789B /* LocationManager.swift */ = {isa = PBXFileReference; lastKnownFileType = sourcecode.swift; path = LocationManager.swift; sourceTree = "<group>"; };
/* End PBXFileReference section */

/* Begin PBXFrameworksBuildPhase section */
		498A3FA021B8513900F3789B /* Frameworks */ = {
			isa = PBXFrameworksBuildPhase;
			buildActionMask = 2147483647;
			files = (
			);
			runOnlyForDeploymentPostprocessing = 0;
		};
/* End PBXFrameworksBuildPhase section */

/* Begin PBXGroup section */
		49490DCE21BD6D610053C9FC /* MainScreen */ = {
			isa = PBXGroup;
			children = (
				49490DD621BD70230053C9FC /* WeatherProtocols.swift */,
				498A3FC121B85D7400F3789B /* WeatherViewController.swift */,
				49490DCF21BD6D7F0053C9FC /* WeatherPresenter.swift */,
				49490DD221BD6DA40053C9FC /* WeatherInteractor.swift */,
				49490DD421BD6F5B0053C9FC /* WeatherConfigurator.swift */,
			);
			path = MainScreen;
			sourceTree = "<group>";
		};
		498A3F9A21B8513900F3789B = {
			isa = PBXGroup;
			children = (
				498A3FA521B8513900F3789B /* WeatherApp */,
				498A3FA421B8513900F3789B /* Products */,
			);
			sourceTree = "<group>";
		};
		498A3FA421B8513900F3789B /* Products */ = {
			isa = PBXGroup;
			children = (
				498A3FA321B8513900F3789B /* WeatherApp.app */,
			);
			name = Products;
			sourceTree = "<group>";
		};
		498A3FA521B8513900F3789B /* WeatherApp */ = {
			isa = PBXGroup;
			children = (
				49490DCE21BD6D610053C9FC /* MainScreen */,
				498A3FD221B9F38600F3789B /* Location */,
				498A3FCF21B8872D00F3789B /* Network */,
				498A3FC321B8639100F3789B /* Extension */,
				498A3FBE21B8557100F3789B /* Model */,
				498A3FB821B8547100F3789B /* UI */,
				498A3FA621B8513900F3789B /* AppDelegate.swift */,
				498A3FAA21B8513900F3789B /* Main.storyboard */,
				498A3FAD21B8513B00F3789B /* Assets.xcassets */,
				498A3FAF21B8513B00F3789B /* LaunchScreen.storyboard */,
				498A3FB221B8513B00F3789B /* Info.plist */,
			);
			path = WeatherApp;
			sourceTree = "<group>";
		};
		498A3FB821B8547100F3789B /* UI */ = {
			isa = PBXGroup;
			children = (
				498A3FB921B8547A00F3789B /* ItemCollectionViewCell */,
			);
			path = UI;
			sourceTree = "<group>";
		};
		498A3FB921B8547A00F3789B /* ItemCollectionViewCell */ = {
			isa = PBXGroup;
			children = (
				498A3FBA21B854B800F3789B /* ItemCollectionViewCell.swift */,
				498A3FBB21B854B800F3789B /* ItemCollectionViewCell.xib */,
			);
			path = ItemCollectionViewCell;
			sourceTree = "<group>";
		};
		498A3FBE21B8557100F3789B /* Model */ = {
			isa = PBXGroup;
			children = (
				498A3FBF21B8558300F3789B /* Item.swift */,
			);
			path = Model;
			sourceTree = "<group>";
		};
		498A3FC321B8639100F3789B /* Extension */ = {
			isa = PBXGroup;
			children = (
				498A3FC421B863C900F3789B /* Extension.swift */,
			);
			path = Extension;
			sourceTree = "<group>";
		};
		498A3FCF21B8872D00F3789B /* Network */ = {
			isa = PBXGroup;
			children = (
				498A3FD021B8874600F3789B /* API.swift */,
			);
			path = Network;
			sourceTree = "<group>";
		};
		498A3FD221B9F38600F3789B /* Location */ = {
			isa = PBXGroup;
			children = (
				498A3FD321B9F3AE00F3789B /* LocationManager.swift */,
			);
			path = Location;
			sourceTree = "<group>";
		};
/* End PBXGroup section */

/* Begin PBXNativeTarget section */
		498A3FA221B8513900F3789B /* WeatherApp */ = {
			isa = PBXNativeTarget;
			buildConfigurationList = 498A3FB521B8513B00F3789B /* Build configuration list for PBXNativeTarget "WeatherApp" */;
			buildPhases = (
				498A3F9F21B8513900F3789B /* Sources */,
				498A3FA021B8513900F3789B /* Frameworks */,
				498A3FA121B8513900F3789B /* Resources */,
			);
			buildRules = (
			);
			dependencies = (
			);
			name = WeatherApp;
			productName = WeatherApp;
			productReference = 498A3FA321B8513900F3789B /* WeatherApp.app */;
			productType = "com.apple.product-type.application";
		};
/* End PBXNativeTarget section */

/* Begin PBXProject section */
		498A3F9B21B8513900F3789B /* Project object */ = {
			isa = PBXProject;
			attributes = {
				LastSwiftUpdateCheck = 1010;
				LastUpgradeCheck = 1010;
				ORGANIZATIONNAME = "alexey bezrodniy";
				TargetAttributes = {
					498A3FA221B8513900F3789B = {
						CreatedOnToolsVersion = 10.1;
					};
				};
			};
			buildConfigurationList = 498A3F9E21B8513900F3789B /* Build configuration list for PBXProject "WeatherApp" */;
			compatibilityVersion = "Xcode 9.3";
			developmentRegion = en;
			hasScannedForEncodings = 0;
			knownRegions = (
				en,
				Base,
			);
			mainGroup = 498A3F9A21B8513900F3789B;
			productRefGroup = 498A3FA421B8513900F3789B /* Products */;
			projectDirPath = "";
			projectRoot = "";
			targets = (
				498A3FA221B8513900F3789B /* WeatherApp */,
			);
		};
/* End PBXProject section */

/* Begin PBXResourcesBuildPhase section */
		498A3FA121B8513900F3789B /* Resources */ = {
			isa = PBXResourcesBuildPhase;
			buildActionMask = 2147483647;
			files = (
				498A3FB121B8513B00F3789B /* LaunchScreen.storyboard in Resources */,
				498A3FBD21B854B800F3789B /* ItemCollectionViewCell.xib in Resources */,
				498A3FAE21B8513B00F3789B /* Assets.xcassets in Resources */,
				498A3FAC21B8513900F3789B /* Main.storyboard in Resources */,
			);
			runOnlyForDeploymentPostprocessing = 0;
		};
/* End PBXResourcesBuildPhase section */

/* Begin PBXSourcesBuildPhase section */
		498A3F9F21B8513900F3789B /* Sources */ = {
			isa = PBXSourcesBuildPhase;
			buildActionMask = 2147483647;
			files = (
				498A3FC521B863C900F3789B /* Extension.swift in Sources */,
				49490DD021BD6D7F0053C9FC /* WeatherPresenter.swift in Sources */,
				498A3FC021B8558300F3789B /* Item.swift in Sources */,
				498A3FC221B85D7400F3789B /* WeatherViewController.swift in Sources */,
				498A3FD421B9F3AE00F3789B /* LocationManager.swift in Sources */,
				49490DD721BD70230053C9FC /* WeatherProtocols.swift in Sources */,
				49490DD521BD6F5B0053C9FC /* WeatherConfigurator.swift in Sources */,
				498A3FBC21B854B800F3789B /* ItemCollectionViewCell.swift in Sources */,
				498A3FA721B8513900F3789B /* AppDelegate.swift in Sources */,
				498A3FD121B8874600F3789B /* API.swift in Sources */,
				49490DD321BD6DA40053C9FC /* WeatherInteractor.swift in Sources */,
			);
			runOnlyForDeploymentPostprocessing = 0;
		};
/* End PBXSourcesBuildPhase section */

/* Begin PBXVariantGroup section */
		498A3FAA21B8513900F3789B /* Main.storyboard */ = {
			isa = PBXVariantGroup;
			children = (
				498A3FAB21B8513900F3789B /* Base */,
			);
			name = Main.storyboard;
			sourceTree = "<group>";
		};
		498A3FAF21B8513B00F3789B /* LaunchScreen.storyboard */ = {
			isa = PBXVariantGroup;
			children = (
				498A3FB021B8513B00F3789B /* Base */,
			);
			name = LaunchScreen.storyboard;
			sourceTree = "<group>";
		};
/* End PBXVariantGroup section */

/* Begin XCBuildConfiguration section */
		498A3FB321B8513B00F3789B /* Debug */ = {
			isa = XCBuildConfiguration;
			buildSettings = {
				ALWAYS_SEARCH_USER_PATHS = NO;
				CLANG_ANALYZER_NONNULL = YES;
				CLANG_ANALYZER_NUMBER_OBJECT_CONVERSION = YES_AGGRESSIVE;
				CLANG_CXX_LANGUAGE_STANDARD = "gnu++14";
				CLANG_CXX_LIBRARY = "libc++";
				CLANG_ENABLE_MODULES = YES;
				CLANG_ENABLE_OBJC_ARC = YES;
				CLANG_ENABLE_OBJC_WEAK = YES;
				CLANG_WARN_BLOCK_CAPTURE_AUTORELEASING = YES;
				CLANG_WARN_BOOL_CONVERSION = YES;
				CLANG_WARN_COMMA = YES;
				CLANG_WARN_CONSTANT_CONVERSION = YES;
				CLANG_WARN_DEPRECATED_OBJC_IMPLEMENTATIONS = YES;
				CLANG_WARN_DIRECT_OBJC_ISA_USAGE = YES_ERROR;
				CLANG_WARN_DOCUMENTATION_COMMENTS = YES;
				CLANG_WARN_EMPTY_BODY = YES;
				CLANG_WARN_ENUM_CONVERSION = YES;
				CLANG_WARN_INFINITE_RECURSION = YES;
				CLANG_WARN_INT_CONVERSION = YES;
				CLANG_WARN_NON_LITERAL_NULL_CONVERSION = YES;
				CLANG_WARN_OBJC_IMPLICIT_RETAIN_SELF = YES;
				CLANG_WARN_OBJC_LITERAL_CONVERSION = YES;
				CLANG_WARN_OBJC_ROOT_CLASS = YES_ERROR;
				CLANG_WARN_RANGE_LOOP_ANALYSIS = YES;
				CLANG_WARN_STRICT_PROTOTYPES = YES;
				CLANG_WARN_SUSPICIOUS_MOVE = YES;
				CLANG_WARN_UNGUARDED_AVAILABILITY = YES_AGGRESSIVE;
				CLANG_WARN_UNREACHABLE_CODE = YES;
				CLANG_WARN__DUPLICATE_METHOD_MATCH = YES;
				CODE_SIGN_IDENTITY = "iPhone Developer";
				COPY_PHASE_STRIP = NO;
				DEBUG_INFORMATION_FORMAT = dwarf;
				ENABLE_STRICT_OBJC_MSGSEND = YES;
				ENABLE_TESTABILITY = YES;
				GCC_C_LANGUAGE_STANDARD = gnu11;
				GCC_DYNAMIC_NO_PIC = NO;
				GCC_NO_COMMON_BLOCKS = YES;
				GCC_OPTIMIZATION_LEVEL = 0;
				GCC_PREPROCESSOR_DEFINITIONS = (
					"DEBUG=1",
					"$(inherited)",
				);
				GCC_WARN_64_TO_32_BIT_CONVERSION = YES;
				GCC_WARN_ABOUT_RETURN_TYPE = YES_ERROR;
				GCC_WARN_UNDECLARED_SELECTOR = YES;
				GCC_WARN_UNINITIALIZED_AUTOS = YES_AGGRESSIVE;
				GCC_WARN_UNUSED_FUNCTION = YES;
				GCC_WARN_UNUSED_VARIABLE = YES;
				IPHONEOS_DEPLOYMENT_TARGET = 12.1;
				MTL_ENABLE_DEBUG_INFO = INCLUDE_SOURCE;
				MTL_FAST_MATH = YES;
				ONLY_ACTIVE_ARCH = YES;
				SDKROOT = iphoneos;
				SWIFT_ACTIVE_COMPILATION_CONDITIONS = DEBUG;
				SWIFT_OPTIMIZATION_LEVEL = "-Onone";
			};
			name = Debug;
		};
		498A3FB421B8513B00F3789B /* Release */ = {
			isa = XCBuildConfiguration;
			buildSettings = {
				ALWAYS_SEARCH_USER_PATHS = NO;
				CLANG_ANALYZER_NONNULL = YES;
				CLANG_ANALYZER_NUMBER_OBJECT_CONVERSION = YES_AGGRESSIVE;
				CLANG_CXX_LANGUAGE_STANDARD = "gnu++14";
				CLANG_CXX_LIBRARY = "libc++";
				CLANG_ENABLE_MODULES = YES;
				CLANG_ENABLE_OBJC_ARC = YES;
				CLANG_ENABLE_OBJC_WEAK = YES;
				CLANG_WARN_BLOCK_CAPTURE_AUTORELEASING = YES;
				CLANG_WARN_BOOL_CONVERSION = YES;
				CLANG_WARN_COMMA = YES;
				CLANG_WARN_CONSTANT_CONVERSION = YES;
				CLANG_WARN_DEPRECATED_OBJC_IMPLEMENTATIONS = YES;
				CLANG_WARN_DIRECT_OBJC_ISA_USAGE = YES_ERROR;
				CLANG_WARN_DOCUMENTATION_COMMENTS = YES;
				CLANG_WARN_EMPTY_BODY = YES;
				CLANG_WARN_ENUM_CONVERSION = YES;
				CLANG_WARN_INFINITE_RECURSION = YES;
				CLANG_WARN_INT_CONVERSION = YES;
				CLANG_WARN_NON_LITERAL_NULL_CONVERSION = YES;
				CLANG_WARN_OBJC_IMPLICIT_RETAIN_SELF = YES;
				CLANG_WARN_OBJC_LITERAL_CONVERSION = YES;
				CLANG_WARN_OBJC_ROOT_CLASS = YES_ERROR;
				CLANG_WARN_RANGE_LOOP_ANALYSIS = YES;
				CLANG_WARN_STRICT_PROTOTYPES = YES;
				CLANG_WARN_SUSPICIOUS_MOVE = YES;
				CLANG_WARN_UNGUARDED_AVAILABILITY = YES_AGGRESSIVE;
				CLANG_WARN_UNREACHABLE_CODE = YES;
				CLANG_WARN__DUPLICATE_METHOD_MATCH = YES;
				CODE_SIGN_IDENTITY = "iPhone Developer";
				COPY_PHASE_STRIP = NO;
				DEBUG_INFORMATION_FORMAT = "dwarf-with-dsym";
				ENABLE_NS_ASSERTIONS = NO;
				ENABLE_STRICT_OBJC_MSGSEND = YES;
				GCC_C_LANGUAGE_STANDARD = gnu11;
				GCC_NO_COMMON_BLOCKS = YES;
				GCC_WARN_64_TO_32_BIT_CONVERSION = YES;
				GCC_WARN_ABOUT_RETURN_TYPE = YES_ERROR;
				GCC_WARN_UNDECLARED_SELECTOR = YES;
				GCC_WARN_UNINITIALIZED_AUTOS = YES_AGGRESSIVE;
				GCC_WARN_UNUSED_FUNCTION = YES;
				GCC_WARN_UNUSED_VARIABLE = YES;
				IPHONEOS_DEPLOYMENT_TARGET = 12.1;
				MTL_ENABLE_DEBUG_INFO = NO;
				MTL_FAST_MATH = YES;
				SDKROOT = iphoneos;
				SWIFT_COMPILATION_MODE = wholemodule;
				SWIFT_OPTIMIZATION_LEVEL = "-O";
				VALIDATE_PRODUCT = YES;
			};
			name = Release;
		};
		498A3FB621B8513B00F3789B /* Debug */ = {
			isa = XCBuildConfiguration;
			buildSettings = {
				ASSETCATALOG_COMPILER_APPICON_NAME = AppIcon;
				CODE_SIGN_STYLE = Automatic;
				INFOPLIST_FILE = WeatherApp/Info.plist;
				LD_RUNPATH_SEARCH_PATHS = (
					"$(inherited)",
					"@executable_path/Frameworks",
				);
				PRODUCT_BUNDLE_IDENTIFIER = com.alexeybezrodniy.WeatherApp;
				PRODUCT_NAME = "$(TARGET_NAME)";
				SWIFT_VERSION = 4.2;
				TARGETED_DEVICE_FAMILY = "1,2";
			};
			name = Debug;
		};
		498A3FB721B8513B00F3789B /* Release */ = {
			isa = XCBuildConfiguration;
			buildSettings = {
				ASSETCATALOG_COMPILER_APPICON_NAME = AppIcon;
				CODE_SIGN_STYLE = Automatic;
				INFOPLIST_FILE = WeatherApp/Info.plist;
				LD_RUNPATH_SEARCH_PATHS = (
					"$(inherited)",
					"@executable_path/Frameworks",
				);
				PRODUCT_BUNDLE_IDENTIFIER = com.alexeybezrodniy.WeatherApp;
				PRODUCT_NAME = "$(TARGET_NAME)";
				SWIFT_VERSION = 4.2;
				TARGETED_DEVICE_FAMILY = "1,2";
			};
			name = Release;
		};
/* End XCBuildConfiguration section */

/* Begin XCConfigurationList section */
		498A3F9E21B8513900F3789B /* Build configuration list for PBXProject "WeatherApp" */ = {
			isa = XCConfigurationList;
			buildConfigurations = (
				498A3FB321B8513B00F3789B /* Debug */,
				498A3FB421B8513B00F3789B /* Release */,
			);
			defaultConfigurationIsVisible = 0;
			defaultConfigurationName = Release;
		};
		498A3FB521B8513B00F3789B /* Build configuration list for PBXNativeTarget "WeatherApp" */ = {
			isa = XCConfigurationList;
			buildConfigurations = (
				498A3FB621B8513B00F3789B /* Debug */,
				498A3FB721B8513B00F3789B /* Release */,
			);
			defaultConfigurationIsVisible = 0;
			defaultConfigurationName = Release;
		};
/* End XCConfigurationList section */
	};
	rootObject = 498A3F9B21B8513900F3789B /* Project object */;
}
